
Microsoft Visual Studio Solution File, Format Version 12.00
# Visual Studio Version 17
VisualStudioVersion = 17.7.34202.233
MinimumVisualStudioVersion = 10.0.40219.1
Project("{FAE04EC0-301F-11D3-BF4B-00C04F79EFBC}") = "LINExOPENAI", "LINExOPENAI\LINExOPENAI.csproj", "{B73267ED-1178-4664-8A7D-9CB1E5AD190D}"
EndProject
Project("{FAE04EC0-301F-11D3-BF4B-00C04F79EFBC}") = "LINExOPENAI.Infrastructure", "LINExOPENAI.Infrastructure\LINExOPENAI.Infrastructure.csproj", "{F9331478-D61E-4522-A825-D52FDF737D2B}"
EndProject
Project("{FAE04EC0-301F-11D3-BF4B-00C04F79EFBC}") = "LINExOPENAI.ApplicationService", "LINExOPENAI.ApplicationService\LINExOPENAI.ApplicationService.csproj", "{27A29874-011C-46E9-AB93-105DACBF5EFE}"
EndProject
Global
	GlobalSection(SolutionConfigurationPlatforms) = preSolution
		Debug|Any CPU = Debug|Any CPU
		Release|Any CPU = Release|Any CPU
	EndGlobalSection
	GlobalSection(ProjectConfigurationPlatforms) = postSolution
		{B73267ED-1178-4664-8A7D-9CB1E5AD190D}.Debug|Any CPU.ActiveCfg = Debug|Any CPU
		{B73267ED-1178-4664-8A7D-9CB1E5AD190D}.Debug|Any CPU.Build.0 = Debug|Any CPU
		{B73267ED-1178-4664-8A7D-9CB1E5AD190D}.Release|Any CPU.ActiveCfg = Release|Any CPU
		{B73267ED-1178-4664-8A7D-9CB1E5AD190D}.Release|Any CPU.Build.0 = Release|Any CPU
		{F9331478-D61E-4522-A825-D52FDF737D2B}.Debug|Any CPU.ActiveCfg = Debug|Any CPU
		{F9331478-D61E-4522-A825-D52FDF737D2B}.Debug|Any CPU.Build.0 = Debug|Any CPU
		{F9331478-D61E-4522-A825-D52FDF737D2B}.Release|Any CPU.ActiveCfg = Release|Any CPU
		{F9331478-D61E-4522-A825-D52FDF737D2B}.Release|Any CPU.Build.0 = Release|Any CPU
		{27A29874-011C-46E9-AB93-105DACBF5EFE}.Debug|Any CPU.ActiveCfg = Debug|Any CPU
		{27A29874-011C-46E9-AB93-105DACBF5EFE}.Debug|Any CPU.Build.0 = Debug|Any CPU
		{27A29874-011C-46E9-AB93-105DACBF5EFE}.Release|Any CPU.ActiveCfg = Release|Any CPU
		{27A29874-011C-46E9-AB93-105DACBF5EFE}.Release|Any CPU.Build.0 = Release|Any CPU
	EndGlobalSection
	GlobalSection(SolutionProperties) = preSolution
		HideSolutionNode = FALSE
	EndGlobalSection
	GlobalSection(ExtensibilityGlobals) = postSolution
		SolutionGuid = {316DF07F-FE6F-4D11-8F07-41269737DE54}
	EndGlobalSection
EndGlobal
